
Microsoft Visual Studio Solution File, Format Version 12.00
# Visual Studio Version 17
VisualStudioVersion = 17.3.32825.248
MinimumVisualStudioVersion = 10.0.40219.1
Project("{FAE04EC0-301F-11D3-BF4B-00C04F79EFBC}") = "TimeTracker", "TimeTracker\TimeTracker.csproj", "{70DB47BF-AF88-4F42-9272-21B8A9D84629}"
EndProject
Global
	GlobalSection(SolutionConfigurationPlatforms) = preSolution
		Debug|Any CPU = Debug|Any CPU
		Release|Any CPU = Release|Any CPU
	EndGlobalSection
	GlobalSection(ProjectConfigurationPlatforms) = postSolution
		{70DB47BF-AF88-4F42-9272-21B8A9D84629}.Debug|Any CPU.ActiveCfg = Debug|Any CPU
		{70DB47BF-AF88-4F42-9272-21B8A9D84629}.Debug|Any CPU.Build.0 = Debug|Any CPU
		{70DB47BF-AF88-4F42-9272-21B8A9D84629}.Release|Any CPU.ActiveCfg = Release|Any CPU
		{70DB47BF-AF88-4F42-9272-21B8A9D84629}.Release|Any CPU.Build.0 = Release|Any CPU
	EndGlobalSection
	GlobalSection(SolutionProperties) = preSolution
		HideSolutionNode = FALSE
	EndGlobalSection
	GlobalSection(ExtensibilityGlobals) = postSolution
		SolutionGuid = {58A90723-4E75-4719-9A23-DBE8798E09C5}
	EndGlobalSection
EndGlobal
